
Microsoft Visual Studio Solution File, Format Version 12.00
# Visual Studio Version 16
VisualStudioVersion = 16.0.29403.142
MinimumVisualStudioVersion = 10.0.40219.1
Project("{FAE04EC0-301F-11D3-BF4B-00C04F79EFBC}") = "TaskManagement", "TaskManagement\TaskManagement.csproj", "{DE0EE7BB-B140-444F-97D7-B2933D19DCF0}"
EndProject
Global
	GlobalSection(SolutionConfigurationPlatforms) = preSolution
		Debug|Any CPU = Debug|Any CPU
		Release|Any CPU = Release|Any CPU
	EndGlobalSection
	GlobalSection(ProjectConfigurationPlatforms) = postSolution
		{DE0EE7BB-B140-444F-97D7-B2933D19DCF0}.Debug|Any CPU.ActiveCfg = Debug|Any CPU
		{DE0EE7BB-B140-444F-97D7-B2933D19DCF0}.Debug|Any CPU.Build.0 = Debug|Any CPU
		{DE0EE7BB-B140-444F-97D7-B2933D19DCF0}.Release|Any CPU.ActiveCfg = Release|Any CPU
		{DE0EE7BB-B140-444F-97D7-B2933D19DCF0}.Release|Any CPU.Build.0 = Release|Any CPU
	EndGlobalSection
	GlobalSection(SolutionProperties) = preSolution
		HideSolutionNode = FALSE
	EndGlobalSection
	GlobalSection(ExtensibilityGlobals) = postSolution
		SolutionGuid = {B40090A4-F235-4726-91EA-C6BC47B603E4}
	EndGlobalSection
EndGlobal
